
Microsoft Visual Studio Solution File, Format Version 12.00
# Visual Studio 2012
Project("{FAE04EC0-301F-11D3-BF4B-00C04F79EFBC}") = "AutoBackUp", "AutoBackUp\AutoBackUp.csproj", "{7009B93C-E1DD-4FAC-AA18-6A51C29CC66B}"
EndProject
Global
	GlobalSection(SolutionConfigurationPlatforms) = preSolution
		Debug|x86 = Debug|x86
		Release|x86 = Release|x86
	EndGlobalSection
	GlobalSection(ProjectConfigurationPlatforms) = postSolution
		{7009B93C-E1DD-4FAC-AA18-6A51C29CC66B}.Debug|x86.ActiveCfg = Debug|x86
		{7009B93C-E1DD-4FAC-AA18-6A51C29CC66B}.Debug|x86.Build.0 = Debug|x86
		{7009B93C-E1DD-4FAC-AA18-6A51C29CC66B}.Release|x86.ActiveCfg = Release|x86
		{7009B93C-E1DD-4FAC-AA18-6A51C29CC66B}.Release|x86.Build.0 = Release|x86
	EndGlobalSection
EndGlobal
